
Microsoft Visual Studio Solution File, Format Version 12.00
# Visual Studio 15
Project("{FAE04EC0-301F-11D3-BF4B-00C04F79EFBC}") = "holoROS-LTS", "holoROS-LTS.csproj", "{CF957C02-E855-90E0-76F7-90FB5E9E7278}"
EndProject
Project("{FAE04EC0-301F-11D3-BF4B-00C04F79EFBC}") = "holoROS-LTS.Player", "holoROS-LTS.Player.csproj", "{E6C31E59-BF69-3B46-EC9A-BEC2005786D8}"
EndProject
Project("{FAE04EC0-301F-11D3-BF4B-00C04F79EFBC}") = "holoROS-LTS.Editor", "holoROS-LTS.Editor.csproj", "{CE9ABD03-2A48-AC88-3F76-E69917840049}"
EndProject
Global
	GlobalSection(SolutionConfigurationPlatforms) = preSolution
		Debug|Any CPU = Debug|Any CPU
		Release|Any CPU = Release|Any CPU
	EndGlobalSection
	GlobalSection(ProjectConfigurationPlatforms) = postSolution
		{CF957C02-E855-90E0-76F7-90FB5E9E7278}.Debug|Any CPU.ActiveCfg = Debug|Any CPU
		{CF957C02-E855-90E0-76F7-90FB5E9E7278}.Debug|Any CPU.Build.0 = Debug|Any CPU
		{CF957C02-E855-90E0-76F7-90FB5E9E7278}.Release|Any CPU.ActiveCfg = Release|Any CPU
		{CF957C02-E855-90E0-76F7-90FB5E9E7278}.Release|Any CPU.Build.0 = Release|Any CPU
		{E6C31E59-BF69-3B46-EC9A-BEC2005786D8}.Debug|Any CPU.ActiveCfg = Debug|Any CPU
		{E6C31E59-BF69-3B46-EC9A-BEC2005786D8}.Debug|Any CPU.Build.0 = Debug|Any CPU
		{E6C31E59-BF69-3B46-EC9A-BEC2005786D8}.Release|Any CPU.ActiveCfg = Release|Any CPU
		{E6C31E59-BF69-3B46-EC9A-BEC2005786D8}.Release|Any CPU.Build.0 = Release|Any CPU
		{CE9ABD03-2A48-AC88-3F76-E69917840049}.Debug|Any CPU.ActiveCfg = Debug|Any CPU
		{CE9ABD03-2A48-AC88-3F76-E69917840049}.Debug|Any CPU.Build.0 = Debug|Any CPU
		{CE9ABD03-2A48-AC88-3F76-E69917840049}.Release|Any CPU.ActiveCfg = Release|Any CPU
		{CE9ABD03-2A48-AC88-3F76-E69917840049}.Release|Any CPU.Build.0 = Release|Any CPU
	EndGlobalSection
	GlobalSection(SolutionProperties) = preSolution
		HideSolutionNode = FALSE
	EndGlobalSection
EndGlobal
